DEPENDENCIES
  composer
  cron
  lamp
    git: git://github.com/sergiuionescu/lamp.git
    revision: b939c90ead62aade0558d9264e694f386f0a16a4
  php
    git: git://github.com/sergiuionescu/php.git
    revision: ee383e8b4858e69f0719085ae79f4dd3d98aa425
  symfony
    path: .
    metadata: true

GRAPH
  apache2 (3.1.0)
  apt (2.7.0)
  build-essential (2.2.3)
  chef-sugar (3.1.0)
  chef_handler (1.1.9)
  composer (2.1.0)
    php (>= 0.0.0)
    windows (>= 0.0.0)
  cron (1.6.1)
  iis (4.1.1)
    windows (>= 1.34.6)
  lamp (0.2.1)
    apache2 (>= 0.0.0)
    apt (>= 0.0.0)
    mysql (>= 0.0.0)
    nfs (>= 0.0.0)
    php (>= 0.0.0)
    sendmail (>= 0.0.0)
    vim (>= 0.0.0)
  line (0.6.1)
  mysql (6.0.22)
    smf (>= 0.0.0)
    yum-mysql-community (>= 0.0.0)
  nfs (2.1.0)
    line (>= 0.0.0)
  php (1.5.0)
    build-essential (>= 0.0.0)
    iis (>= 0.0.0)
    mysql (>= 0.0.0)
    windows (>= 0.0.0)
    xml (>= 0.0.0)
    yum-epel (>= 0.0.0)
  rbac (1.0.3)
  sendmail (0.1.0)
  smf (2.2.7)
    rbac (>= 1.0.1)
  symfony (0.1.1)
    composer (>= 0.0.0)
    cron (>= 0.0.0)
    lamp (>= 0.0.0)
    php (>= 0.0.0)
  vim (1.1.2)
  windows (1.37.0)
    chef_handler (>= 0.0.0)
  xml (1.2.13)
    build-essential (>= 0.0.0)
    chef-sugar (>= 0.0.0)
  yum (3.6.1)
  yum-epel (0.6.0)
    yum (~> 3.0)
  yum-mysql-community (0.1.17)
    yum (>= 3.0)
